
Microsoft Visual Studio Solution File, Format Version 12.00
# Visual Studio Version 17
VisualStudioVersion = 17.9.34701.34
MinimumVisualStudioVersion = 10.0.40219.1
Project("{9A19103F-16F7-4668-BE54-9A1E7A4F7556}") = "TopSpaceMAUI", "TopSpaceMAUI\TopSpaceMAUI.csproj", "{B67A5E78-7E5B-4A00-9A24-01C0C8F90FC9}"
EndProject
Global
	GlobalSection(SolutionConfigurationPlatforms) = preSolution
		Debug|Any CPU = Debug|Any CPU
		Release|Any CPU = Release|Any CPU
	EndGlobalSection
	GlobalSection(ProjectConfigurationPlatforms) = postSolution
		{B67A5E78-7E5B-4A00-9A24-01C0C8F90FC9}.Debug|Any CPU.ActiveCfg = Debug|Any CPU
		{B67A5E78-7E5B-4A00-9A24-01C0C8F90FC9}.Debug|Any CPU.Build.0 = Debug|Any CPU
		{B67A5E78-7E5B-4A00-9A24-01C0C8F90FC9}.Debug|Any CPU.Deploy.0 = Debug|Any CPU
		{B67A5E78-7E5B-4A00-9A24-01C0C8F90FC9}.Release|Any CPU.ActiveCfg = Release|Any CPU
		{B67A5E78-7E5B-4A00-9A24-01C0C8F90FC9}.Release|Any CPU.Build.0 = Release|Any CPU
		{B67A5E78-7E5B-4A00-9A24-01C0C8F90FC9}.Release|Any CPU.Deploy.0 = Release|Any CPU
	EndGlobalSection
	GlobalSection(SolutionProperties) = preSolution
		HideSolutionNode = FALSE
	EndGlobalSection
	GlobalSection(ExtensibilityGlobals) = postSolution
		SolutionGuid = {812350B9-CC05-4318-90D2-AF8AA5D891D3}
	EndGlobalSection
EndGlobal
